<?xml version="1.0" encoding="utf-8"?>
<Project ToolsVersion="4.0" xmlns="http://schemas.microsoft.com/developer/msbuild/2003">
  <ItemGroup>
    <Filter Include="Main">
      <UniqueIdentifier>{7cf403b3-0bd6-4d1c-81cc-61fce3f76da0}</UniqueIdentifier>
    </Filter>
    <Filter Include="Utils">
      <UniqueIdentifier>{15f0f8d4-4155-4864-958d-68ba5b242f94}</UniqueIdentifier>
    </Filter>
  </ItemGroup>
  <ItemGroup>
    <ClCompile Include="GameServer.cpp">
      <Filter>Main</Filter>
    </ClCompile>
    <ClCompile Include="pch.cpp">
      <Filter>Utils</Filter>
    </ClCompile>
  </ItemGroup>
  <ItemGroup>
    <ClInclude Include="pch.h">
      <Filter>Utils</Filter>
    </ClInclude>
  </ItemGroup>
</Project>